
Microsoft Visual Studio Solution File, Format Version 12.00
# Visual Studio Version 17
VisualStudioVersion = 17.5.33502.453
MinimumVisualStudioVersion = 10.0.40219.1
Project("{FAE04EC0-301F-11D3-BF4B-00C04F79EFBC}") = "TestConBDD", "TestConBDD\TestConBDD.csproj", "{193CD451-3198-4AE6-8C1C-F8501392EEE0}"
EndProject
Global
	GlobalSection(SolutionConfigurationPlatforms) = preSolution
		Debug|Any CPU = Debug|Any CPU
		Release|Any CPU = Release|Any CPU
	EndGlobalSection
	GlobalSection(ProjectConfigurationPlatforms) = postSolution
		{193CD451-3198-4AE6-8C1C-F8501392EEE0}.Debug|Any CPU.ActiveCfg = Debug|Any CPU
		{193CD451-3198-4AE6-8C1C-F8501392EEE0}.Debug|Any CPU.Build.0 = Debug|Any CPU
		{193CD451-3198-4AE6-8C1C-F8501392EEE0}.Release|Any CPU.ActiveCfg = Release|Any CPU
		{193CD451-3198-4AE6-8C1C-F8501392EEE0}.Release|Any CPU.Build.0 = Release|Any CPU
	EndGlobalSection
	GlobalSection(SolutionProperties) = preSolution
		HideSolutionNode = FALSE
	EndGlobalSection
	GlobalSection(ExtensibilityGlobals) = postSolution
		SolutionGuid = {B6C9A39B-2FFB-499A-B02D-091BA3568879}
	EndGlobalSection
EndGlobal
