
Microsoft Visual Studio Solution File, Format Version 12.00
# Visual Studio Version 17
VisualStudioVersion = 17.5.33414.496
MinimumVisualStudioVersion = 10.0.40219.1
Project("{FAE04EC0-301F-11D3-BF4B-00C04F79EFBC}") = "WPFMVVMBasica", "WPFMVVMBasica\WPFMVVMBasica.csproj", "{FBBB89DF-4761-433F-ABED-0B456694E186}"
EndProject
Global
	GlobalSection(SolutionConfigurationPlatforms) = preSolution
		Debug|Any CPU = Debug|Any CPU
		Release|Any CPU = Release|Any CPU
	EndGlobalSection
	GlobalSection(ProjectConfigurationPlatforms) = postSolution
		{FBBB89DF-4761-433F-ABED-0B456694E186}.Debug|Any CPU.ActiveCfg = Debug|Any CPU
		{FBBB89DF-4761-433F-ABED-0B456694E186}.Debug|Any CPU.Build.0 = Debug|Any CPU
		{FBBB89DF-4761-433F-ABED-0B456694E186}.Release|Any CPU.ActiveCfg = Release|Any CPU
		{FBBB89DF-4761-433F-ABED-0B456694E186}.Release|Any CPU.Build.0 = Release|Any CPU
	EndGlobalSection
	GlobalSection(SolutionProperties) = preSolution
		HideSolutionNode = FALSE
	EndGlobalSection
	GlobalSection(ExtensibilityGlobals) = postSolution
		SolutionGuid = {FF6C6285-B56F-4A89-A51C-B409E45FA826}
	EndGlobalSection
EndGlobal
